
Microsoft Visual Studio Solution File, Format Version 12.00
# Visual Studio Version 17
VisualStudioVersion = 17.14.36221.1 d17.14
MinimumVisualStudioVersion = 10.0.40219.1
Project("{FAE04EC0-301F-11D3-BF4B-00C04F79EFBC}") = "InventoryRecordsApp", "InventoryRecordsApp\InventoryRecordsApp.csproj", "{F9AE61C1-4294-4F59-A6A2-D4C94E14EEED}"
EndProject
Global
	GlobalSection(SolutionConfigurationPlatforms) = preSolution
		Debug|Any CPU = Debug|Any CPU
		Release|Any CPU = Release|Any CPU
	EndGlobalSection
	GlobalSection(ProjectConfigurationPlatforms) = postSolution
		{F9AE61C1-4294-4F59-A6A2-D4C94E14EEED}.Debug|Any CPU.ActiveCfg = Debug|Any CPU
		{F9AE61C1-4294-4F59-A6A2-D4C94E14EEED}.Debug|Any CPU.Build.0 = Debug|Any CPU
		{F9AE61C1-4294-4F59-A6A2-D4C94E14EEED}.Release|Any CPU.ActiveCfg = Release|Any CPU
		{F9AE61C1-4294-4F59-A6A2-D4C94E14EEED}.Release|Any CPU.Build.0 = Release|Any CPU
	EndGlobalSection
	GlobalSection(SolutionProperties) = preSolution
		HideSolutionNode = FALSE
	EndGlobalSection
	GlobalSection(ExtensibilityGlobals) = postSolution
		SolutionGuid = {B68FCB4E-32B9-44D2-B350-120C808A3F27}
	EndGlobalSection
EndGlobal
